// !$*UTF8*$!
{
	archiveVersion = 1;
	classes = {
	};
	objectVersion = 56;
	objects = {

/* Begin PBXBuildFile section */
		870F49942A31FA8A000C45DD /* UserDetailView.swift in Sources */ = {isa = PBXBuildFile; fileRef = 870F49932A31FA8A000C45DD /* UserDetailView.swift */; };
		870F49962A31FDBC000C45DD /* UserModel.swift in Sources */ = {isa = PBXBuildFile; fileRef = 870F49952A31FDBC000C45DD /* UserModel.swift */; };
		870F49982A3207CD000C45DD /* LogInView.swift in Sources */ = {isa = PBXBuildFile; fileRef = 870F49972A3207CD000C45DD /* LogInView.swift */; };
		874040E02A6E69E4001EEDFE /* NewCardView.swift in Sources */ = {isa = PBXBuildFile; fileRef = 874040DF2A6E69E4001EEDFE /* NewCardView.swift */; };
		874327BE2A4636A800999F6C /* CustomTextFields.swift in Sources */ = {isa = PBXBuildFile; fileRef = 874327BD2A4636A800999F6C /* CustomTextFields.swift */; };
		874327C02A48B8FB00999F6C /* CustomButton.swift in Sources */ = {isa = PBXBuildFile; fileRef = 874327BF2A48B8FB00999F6C /* CustomButton.swift */; };
		8753D8282A437F9B003E8CF5 /* PaymentsView.swift in Sources */ = {isa = PBXBuildFile; fileRef = 8753D8272A437F9B003E8CF5 /* PaymentsView.swift */; };
		8753D82A2A438403003E8CF5 /* PaymetsModel.swift in Sources */ = {isa = PBXBuildFile; fileRef = 8753D8292A438403003E8CF5 /* PaymetsModel.swift */; };
		8766964E2A70F2F300896ACD /* BalanceManager.swift in Sources */ = {isa = PBXBuildFile; fileRef = 8766964D2A70F2F300896ACD /* BalanceManager.swift */; };
		87A29A622A36DF9300BA6D11 /* CustomTabBar.swift in Sources */ = {isa = PBXBuildFile; fileRef = 87A29A612A36DF9300BA6D11 /* CustomTabBar.swift */; };
		87A29A642A36E46F00BA6D11 /* TabBarView.swift in Sources */ = {isa = PBXBuildFile; fileRef = 87A29A632A36E46F00BA6D11 /* TabBarView.swift */; };
		87A29A662A36E52100BA6D11 /* SendView.swift in Sources */ = {isa = PBXBuildFile; fileRef = 87A29A652A36E52100BA6D11 /* SendView.swift */; };
		87A29A682A36E52F00BA6D11 /* SettingsView.swift in Sources */ = {isa = PBXBuildFile; fileRef = 87A29A672A36E52F00BA6D11 /* SettingsView.swift */; };
		87B2B4B62A275A3D00270570 /* BankAppApp.swift in Sources */ = {isa = PBXBuildFile; fileRef = 87B2B4B52A275A3D00270570 /* BankAppApp.swift */; };
		87B2B4B82A275A3D00270570 /* MainView.swift in Sources */ = {isa = PBXBuildFile; fileRef = 87B2B4B72A275A3D00270570 /* MainView.swift */; };
		87B2B4BA2A275A3F00270570 /* Assets.xcassets in Resources */ = {isa = PBXBuildFile; fileRef = 87B2B4B92A275A3F00270570 /* Assets.xcassets */; };
		87B2B4C42A275A8900270570 /* HomeView.swift in Sources */ = {isa = PBXBuildFile; fileRef = 87B2B4C32A275A8900270570 /* HomeView.swift */; };
		87B2B4C62A27674D00270570 /* CardView.swift in Sources */ = {isa = PBXBuildFile; fileRef = 87B2B4C52A27674D00270570 /* CardView.swift */; };
		87B2B4C82A276F0600270570 /* CardModel.swift in Sources */ = {isa = PBXBuildFile; fileRef = 87B2B4C72A276F0600270570 /* CardModel.swift */; };
		87B2B4CB2A28C31B00270570 /* CategoryModel.swift in Sources */ = {isa = PBXBuildFile; fileRef = 87B2B4CA2A28C31B00270570 /* CategoryModel.swift */; };
		87B2B4CF2A28C78D00270570 /* CategoryItemView.swift in Sources */ = {isa = PBXBuildFile; fileRef = 87B2B4CE2A28C78D00270570 /* CategoryItemView.swift */; };
		87B2B4D12A28CF1B00270570 /* VisualBlurEffect.swift in Sources */ = {isa = PBXBuildFile; fileRef = 87B2B4D02A28CF1B00270570 /* VisualBlurEffect.swift */; };
		87B2B4D32A28D15A00270570 /* CategoryDetailView.swift in Sources */ = {isa = PBXBuildFile; fileRef = 87B2B4D22A28D15A00270570 /* CategoryDetailView.swift */; };
/* End PBXBuildFile section */

/* Begin PBXFileReference section */
		870F49932A31FA8A000C45DD /* UserDetailView.swift */ = {isa = PBXFileReference; lastKnownFileType = sourcecode.swift; path = UserDetailView.swift; sourceTree = "<group>"; };
		870F49952A31FDBC000C45DD /* UserModel.swift */ = {isa = PBXFileReference; lastKnownFileType = sourcecode.swift; path = UserModel.swift; sourceTree = "<group>"; };
		870F49972A3207CD000C45DD /* LogInView.swift */ = {isa = PBXFileReference; lastKnownFileType = sourcecode.swift; path = LogInView.swift; sourceTree = "<group>"; };
		874040DF2A6E69E4001EEDFE /* NewCardView.swift */ = {isa = PBXFileReference; lastKnownFileType = sourcecode.swift; path = NewCardView.swift; sourceTree = "<group>"; };
		874327BD2A4636A800999F6C /* CustomTextFields.swift */ = {isa = PBXFileReference; lastKnownFileType = sourcecode.swift; path = CustomTextFields.swift; sourceTree = "<group>"; };
		874327BF2A48B8FB00999F6C /* CustomButton.swift */ = {isa = PBXFileReference; lastKnownFileType = sourcecode.swift; path = CustomButton.swift; sourceTree = "<group>"; };
		8753D8272A437F9B003E8CF5 /* PaymentsView.swift */ = {isa = PBXFileReference; lastKnownFileType = sourcecode.swift; path = PaymentsView.swift; sourceTree = "<group>"; };
		8753D8292A438403003E8CF5 /* PaymetsModel.swift */ = {isa = PBXFileReference; lastKnownFileType = sourcecode.swift; path = PaymetsModel.swift; sourceTree = "<group>"; };
		8766964D2A70F2F300896ACD /* BalanceManager.swift */ = {isa = PBXFileReference; lastKnownFileType = sourcecode.swift; path = BalanceManager.swift; sourceTree = "<group>"; };
		87A29A612A36DF9300BA6D11 /* CustomTabBar.swift */ = {isa = PBXFileReference; lastKnownFileType = sourcecode.swift; path = CustomTabBar.swift; sourceTree = "<group>"; };
		87A29A632A36E46F00BA6D11 /* TabBarView.swift */ = {isa = PBXFileReference; lastKnownFileType = sourcecode.swift; path = TabBarView.swift; sourceTree = "<group>"; };
		87A29A652A36E52100BA6D11 /* SendView.swift */ = {isa = PBXFileReference; lastKnownFileType = sourcecode.swift; path = SendView.swift; sourceTree = "<group>"; };
		87A29A672A36E52F00BA6D11 /* SettingsView.swift */ = {isa = PBXFileReference; lastKnownFileType = sourcecode.swift; path = SettingsView.swift; sourceTree = "<group>"; };
		87B2B4B22A275A3D00270570 /* BankApp.app */ = {isa = PBXFileReference; explicitFileType = wrapper.application; includeInIndex = 0; path = BankApp.app; sourceTree = BUILT_PRODUCTS_DIR; };
		87B2B4B52A275A3D00270570 /* BankAppApp.swift */ = {isa = PBXFileReference; lastKnownFileType = sourcecode.swift; path = BankAppApp.swift; sourceTree = "<group>"; };
		87B2B4B72A275A3D00270570 /* MainView.swift */ = {isa = PBXFileReference; lastKnownFileType = sourcecode.swift; path = MainView.swift; sourceTree = "<group>"; };
		87B2B4B92A275A3F00270570 /* Assets.xcassets */ = {isa = PBXFileReference; lastKnownFileType = folder.assetcatalog; path = Assets.xcassets; sourceTree = "<group>"; };
		87B2B4C32A275A8900270570 /* HomeView.swift */ = {isa = PBXFileReference; lastKnownFileType = sourcecode.swift; path = HomeView.swift; sourceTree = "<group>"; };
		87B2B4C52A27674D00270570 /* CardView.swift */ = {isa = PBXFileReference; lastKnownFileType = sourcecode.swift; path = CardView.swift; sourceTree = "<group>"; };
		87B2B4C72A276F0600270570 /* CardModel.swift */ = {isa = PBXFileReference; lastKnownFileType = sourcecode.swift; path = CardModel.swift; sourceTree = "<group>"; };
		87B2B4CA2A28C31B00270570 /* CategoryModel.swift */ = {isa = PBXFileReference; lastKnownFileType = sourcecode.swift; path = CategoryModel.swift; sourceTree = "<group>"; };
		87B2B4CE2A28C78D00270570 /* CategoryItemView.swift */ = {isa = PBXFileReference; lastKnownFileType = sourcecode.swift; path = CategoryItemView.swift; sourceTree = "<group>"; };
		87B2B4D02A28CF1B00270570 /* VisualBlurEffect.swift */ = {isa = PBXFileReference; lastKnownFileType = sourcecode.swift; path = VisualBlurEffect.swift; sourceTree = "<group>"; };
		87B2B4D22A28D15A00270570 /* CategoryDetailView.swift */ = {isa = PBXFileReference; lastKnownFileType = sourcecode.swift; path = CategoryDetailView.swift; sourceTree = "<group>"; };
/* End PBXFileReference section */

/* Begin PBXFrameworksBuildPhase section */
		87B2B4AF2A275A3D00270570 /* Frameworks */ = {
			isa = PBXFrameworksBuildPhase;
			buildActionMask = 2147483647;
			files = (
			);
			runOnlyForDeploymentPostprocessing = 0;
		};
/* End PBXFrameworksBuildPhase section */

/* Begin PBXGroup section */
		874040D42A6E5EA3001EEDFE /* LoginView */ = {
			isa = PBXGroup;
			children = (
				870F49972A3207CD000C45DD /* LogInView.swift */,
				874040D52A6E5F14001EEDFE /* SubViews */,
			);
			path = LoginView;
			sourceTree = "<group>";
		};
		874040D52A6E5F14001EEDFE /* SubViews */ = {
			isa = PBXGroup;
			children = (
				874327BD2A4636A800999F6C /* CustomTextFields.swift */,
			);
			path = SubViews;
			sourceTree = "<group>";
		};
		874040D62A6E5F3A001EEDFE /* HomeView */ = {
			isa = PBXGroup;
			children = (
				87B2B4C32A275A8900270570 /* HomeView.swift */,
				874040D72A6E5F4E001EEDFE /* SubViews */,
			);
			path = HomeView;
			sourceTree = "<group>";
		};
		874040D72A6E5F4E001EEDFE /* SubViews */ = {
			isa = PBXGroup;
			children = (
				87B2B4C52A27674D00270570 /* CardView.swift */,
				87B2B4CE2A28C78D00270570 /* CategoryItemView.swift */,
				87B2B4D02A28CF1B00270570 /* VisualBlurEffect.swift */,
				87B2B4D22A28D15A00270570 /* CategoryDetailView.swift */,
				874040DD2A6E6976001EEDFE /* UserDetailView */,
				874040DE2A6E6987001EEDFE /* NewCardView */,
			);
			path = SubViews;
			sourceTree = "<group>";
		};
		874040D82A6E5F65001EEDFE /* SendView */ = {
			isa = PBXGroup;
			children = (
				87A29A652A36E52100BA6D11 /* SendView.swift */,
				874040D92A6E5F6F001EEDFE /* SubViews */,
			);
			path = SendView;
			sourceTree = "<group>";
		};
		874040D92A6E5F6F001EEDFE /* SubViews */ = {
			isa = PBXGroup;
			children = (
				8753D8272A437F9B003E8CF5 /* PaymentsView.swift */,
			);
			name = SubViews;
			sourceTree = "<group>";
		};
		874040DA2A6E5FA1001EEDFE /* SettingsView */ = {
			isa = PBXGroup;
			children = (
				87A29A672A36E52F00BA6D11 /* SettingsView.swift */,
			);
			path = SettingsView;
			sourceTree = "<group>";
		};
		874040DB2A6E5FF6001EEDFE /* TabBarView */ = {
			isa = PBXGroup;
			children = (
				87A29A632A36E46F00BA6D11 /* TabBarView.swift */,
				87A29A612A36DF9300BA6D11 /* CustomTabBar.swift */,
			);
			path = TabBarView;
			sourceTree = "<group>";
		};
		874040DC2A6E6023001EEDFE /* SubView */ = {
			isa = PBXGroup;
			children = (
				874327BF2A48B8FB00999F6C /* CustomButton.swift */,
			);
			path = SubView;
			sourceTree = "<group>";
		};
		874040DD2A6E6976001EEDFE /* UserDetailView */ = {
			isa = PBXGroup;
			children = (
				870F49932A31FA8A000C45DD /* UserDetailView.swift */,
			);
			path = UserDetailView;
			sourceTree = "<group>";
		};
		874040DE2A6E6987001EEDFE /* NewCardView */ = {
			isa = PBXGroup;
			children = (
				874040DF2A6E69E4001EEDFE /* NewCardView.swift */,
			);
			path = NewCardView;
			sourceTree = "<group>";
		};
		8766964C2A70F2D100896ACD /* Healpers */ = {
			isa = PBXGroup;
			children = (
				8766964D2A70F2F300896ACD /* BalanceManager.swift */,
			);
			name = Healpers;
			path = SubView;
			sourceTree = "<group>";
		};
		87B2B4A92A275A3D00270570 = {
			isa = PBXGroup;
			children = (
				87B2B4B42A275A3D00270570 /* BankApp */,
				87B2B4B32A275A3D00270570 /* Products */,
			);
			sourceTree = "<group>";
		};
		87B2B4B32A275A3D00270570 /* Products */ = {
			isa = PBXGroup;
			children = (
				87B2B4B22A275A3D00270570 /* BankApp.app */,
			);
			name = Products;
			sourceTree = "<group>";
		};
		87B2B4B42A275A3D00270570 /* BankApp */ = {
			isa = PBXGroup;
			children = (
				87B2B4B52A275A3D00270570 /* BankAppApp.swift */,
				87B2B4B72A275A3D00270570 /* MainView.swift */,
				87B2B4CC2A28C57900270570 /* Scenes */,
				87B2B4C92A28C2F000270570 /* Models */,
				874040DC2A6E6023001EEDFE /* SubView */,
				8766964C2A70F2D100896ACD /* Healpers */,
				87B2B4B92A275A3F00270570 /* Assets.xcassets */,
			);
			path = BankApp;
			sourceTree = "<group>";
		};
		87B2B4C92A28C2F000270570 /* Models */ = {
			isa = PBXGroup;
			children = (
				870F49952A31FDBC000C45DD /* UserModel.swift */,
				87B2B4C72A276F0600270570 /* CardModel.swift */,
				87B2B4CA2A28C31B00270570 /* CategoryModel.swift */,
				8753D8292A438403003E8CF5 /* PaymetsModel.swift */,
			);
			path = Models;
			sourceTree = "<group>";
		};
		87B2B4CC2A28C57900270570 /* Scenes */ = {
			isa = PBXGroup;
			children = (
				874040DB2A6E5FF6001EEDFE /* TabBarView */,
				874040D42A6E5EA3001EEDFE /* LoginView */,
				874040D62A6E5F3A001EEDFE /* HomeView */,
				874040D82A6E5F65001EEDFE /* SendView */,
				874040DA2A6E5FA1001EEDFE /* SettingsView */,
			);
			path = Scenes;
			sourceTree = "<group>";
		};
/* End PBXGroup section */

/* Begin PBXNativeTarget section */
		87B2B4B12A275A3D00270570 /* BankApp */ = {
			isa = PBXNativeTarget;
			buildConfigurationList = 87B2B4C02A275A3F00270570 /* Build configuration list for PBXNativeTarget "BankApp" */;
			buildPhases = (
				87B2B4AE2A275A3D00270570 /* Sources */,
				87B2B4AF2A275A3D00270570 /* Frameworks */,
				87B2B4B02A275A3D00270570 /* Resources */,
			);
			buildRules = (
			);
			dependencies = (
			);
			name = BankApp;
			productName = BankApp;
			productReference = 87B2B4B22A275A3D00270570 /* BankApp.app */;
			productType = "com.apple.product-type.application";
		};
/* End PBXNativeTarget section */

/* Begin PBXProject section */
		87B2B4AA2A275A3D00270570 /* Project object */ = {
			isa = PBXProject;
			attributes = {
				BuildIndependentTargetsInParallel = 1;
				LastSwiftUpdateCheck = 1430;
				LastUpgradeCheck = 1430;
				TargetAttributes = {
					87B2B4B12A275A3D00270570 = {
						CreatedOnToolsVersion = 14.3;
					};
				};
			};
			buildConfigurationList = 87B2B4AD2A275A3D00270570 /* Build configuration list for PBXProject "BankApp" */;
			compatibilityVersion = "Xcode 14.0";
			developmentRegion = en;
			hasScannedForEncodings = 0;
			knownRegions = (
				en,
				Base,
			);
			mainGroup = 87B2B4A92A275A3D00270570;
			productRefGroup = 87B2B4B32A275A3D00270570 /* Products */;
			projectDirPath = "";
			projectRoot = "";
			targets = (
				87B2B4B12A275A3D00270570 /* BankApp */,
			);
		};
/* End PBXProject section */

/* Begin PBXResourcesBuildPhase section */
		87B2B4B02A275A3D00270570 /* Resources */ = {
			isa = PBXResourcesBuildPhase;
			buildActionMask = 2147483647;
			files = (
				87B2B4BA2A275A3F00270570 /* Assets.xcassets in Resources */,
			);
			runOnlyForDeploymentPostprocessing = 0;
		};
/* End PBXResourcesBuildPhase section */

/* Begin PBXSourcesBuildPhase section */
		87B2B4AE2A275A3D00270570 /* Sources */ = {
			isa = PBXSourcesBuildPhase;
			buildActionMask = 2147483647;
			files = (
				87B2B4C42A275A8900270570 /* HomeView.swift in Sources */,
				8753D82A2A438403003E8CF5 /* PaymetsModel.swift in Sources */,
				87B2B4CB2A28C31B00270570 /* CategoryModel.swift in Sources */,
				87A29A642A36E46F00BA6D11 /* TabBarView.swift in Sources */,
				87B2B4B82A275A3D00270570 /* MainView.swift in Sources */,
				87A29A622A36DF9300BA6D11 /* CustomTabBar.swift in Sources */,
				87B2B4CF2A28C78D00270570 /* CategoryItemView.swift in Sources */,
				8753D8282A437F9B003E8CF5 /* PaymentsView.swift in Sources */,
				87B2B4C62A27674D00270570 /* CardView.swift in Sources */,
				87B2B4D32A28D15A00270570 /* CategoryDetailView.swift in Sources */,
				87A29A662A36E52100BA6D11 /* SendView.swift in Sources */,
				87A29A682A36E52F00BA6D11 /* SettingsView.swift in Sources */,
				870F49982A3207CD000C45DD /* LogInView.swift in Sources */,
				874040E02A6E69E4001EEDFE /* NewCardView.swift in Sources */,
				874327C02A48B8FB00999F6C /* CustomButton.swift in Sources */,
				87B2B4B62A275A3D00270570 /* BankAppApp.swift in Sources */,
				8766964E2A70F2F300896ACD /* BalanceManager.swift in Sources */,
				87B2B4C82A276F0600270570 /* CardModel.swift in Sources */,
				870F49942A31FA8A000C45DD /* UserDetailView.swift in Sources */,
				874327BE2A4636A800999F6C /* CustomTextFields.swift in Sources */,
				87B2B4D12A28CF1B00270570 /* VisualBlurEffect.swift in Sources */,
				870F49962A31FDBC000C45DD /* UserModel.swift in Sources */,
			);
			runOnlyForDeploymentPostprocessing = 0;
		};
/* End PBXSourcesBuildPhase section */

/* Begin XCBuildConfiguration section */
		87B2B4BE2A275A3F00270570 /* Debug */ = {
			isa = XCBuildConfiguration;
			buildSettings = {
				ALWAYS_SEARCH_USER_PATHS = NO;
				CLANG_ANALYZER_NONNULL = YES;
				CLANG_ANALYZER_NUMBER_OBJECT_CONVERSION = YES_AGGRESSIVE;
				CLANG_CXX_LANGUAGE_STANDARD = "gnu++20";
				CLANG_ENABLE_MODULES = YES;
				CLANG_ENABLE_OBJC_ARC = YES;
				CLANG_ENABLE_OBJC_WEAK = YES;
				CLANG_WARN_BLOCK_CAPTURE_AUTORELEASING = YES;
				CLANG_WARN_BOOL_CONVERSION = YES;
				CLANG_WARN_COMMA = YES;
				CLANG_WARN_CONSTANT_CONVERSION = YES;
				CLANG_WARN_DEPRECATED_OBJC_IMPLEMENTATIONS = YES;
				CLANG_WARN_DIRECT_OBJC_ISA_USAGE = YES_ERROR;
				CLANG_WARN_DOCUMENTATION_COMMENTS = YES;
				CLANG_WARN_EMPTY_BODY = YES;
				CLANG_WARN_ENUM_CONVERSION = YES;
				CLANG_WARN_INFINITE_RECURSION = YES;
				CLANG_WARN_INT_CONVERSION = YES;
				CLANG_WARN_NON_LITERAL_NULL_CONVERSION = YES;
				CLANG_WARN_OBJC_IMPLICIT_RETAIN_SELF = YES;
				CLANG_WARN_OBJC_LITERAL_CONVERSION = YES;
				CLANG_WARN_OBJC_ROOT_CLASS = YES_ERROR;
				CLANG_WARN_QUOTED_INCLUDE_IN_FRAMEWORK_HEADER = YES;
				CLANG_WARN_RANGE_LOOP_ANALYSIS = YES;
				CLANG_WARN_STRICT_PROTOTYPES = YES;
				CLANG_WARN_SUSPICIOUS_MOVE = YES;
				CLANG_WARN_UNGUARDED_AVAILABILITY = YES_AGGRESSIVE;
				CLANG_WARN_UNREACHABLE_CODE = YES;
				CLANG_WARN__DUPLICATE_METHOD_MATCH = YES;
				COPY_PHASE_STRIP = NO;
				DEBUG_INFORMATION_FORMAT = dwarf;
				ENABLE_STRICT_OBJC_MSGSEND = YES;
				ENABLE_TESTABILITY = YES;
				GCC_C_LANGUAGE_STANDARD = gnu11;
				GCC_DYNAMIC_NO_PIC = NO;
				GCC_NO_COMMON_BLOCKS = YES;
				GCC_OPTIMIZATION_LEVEL = 0;
				GCC_PREPROCESSOR_DEFINITIONS = (
					"DEBUG=1",
					"$(inherited)",
				);
				GCC_WARN_64_TO_32_BIT_CONVERSION = YES;
				GCC_WARN_ABOUT_RETURN_TYPE = YES_ERROR;
				GCC_WARN_UNDECLARED_SELECTOR = YES;
				GCC_WARN_UNINITIALIZED_AUTOS = YES_AGGRESSIVE;
				GCC_WARN_UNUSED_FUNCTION = YES;
				GCC_WARN_UNUSED_VARIABLE = YES;
				IPHONEOS_DEPLOYMENT_TARGET = 16.4;
				MTL_ENABLE_DEBUG_INFO = INCLUDE_SOURCE;
				MTL_FAST_MATH = YES;
				ONLY_ACTIVE_ARCH = YES;
				SDKROOT = iphoneos;
				SWIFT_ACTIVE_COMPILATION_CONDITIONS = DEBUG;
				SWIFT_OPTIMIZATION_LEVEL = "-Onone";
			};
			name = Debug;
		};
		87B2B4BF2A275A3F00270570 /* Release */ = {
			isa = XCBuildConfiguration;
			buildSettings = {
				ALWAYS_SEARCH_USER_PATHS = NO;
				CLANG_ANALYZER_NONNULL = YES;
				CLANG_ANALYZER_NUMBER_OBJECT_CONVERSION = YES_AGGRESSIVE;
				CLANG_CXX_LANGUAGE_STANDARD = "gnu++20";
				CLANG_ENABLE_MODULES = YES;
				CLANG_ENABLE_OBJC_ARC = YES;
				CLANG_ENABLE_OBJC_WEAK = YES;
				CLANG_WARN_BLOCK_CAPTURE_AUTORELEASING = YES;
				CLANG_WARN_BOOL_CONVERSION = YES;
				CLANG_WARN_COMMA = YES;
				CLANG_WARN_CONSTANT_CONVERSION = YES;
				CLANG_WARN_DEPRECATED_OBJC_IMPLEMENTATIONS = YES;
				CLANG_WARN_DIRECT_OBJC_ISA_USAGE = YES_ERROR;
				CLANG_WARN_DOCUMENTATION_COMMENTS = YES;
				CLANG_WARN_EMPTY_BODY = YES;
				CLANG_WARN_ENUM_CONVERSION = YES;
				CLANG_WARN_INFINITE_RECURSION = YES;
				CLANG_WARN_INT_CONVERSION = YES;
				CLANG_WARN_NON_LITERAL_NULL_CONVERSION = YES;
				CLANG_WARN_OBJC_IMPLICIT_RETAIN_SELF = YES;
				CLANG_WARN_OBJC_LITERAL_CONVERSION = YES;
				CLANG_WARN_OBJC_ROOT_CLASS = YES_ERROR;
				CLANG_WARN_QUOTED_INCLUDE_IN_FRAMEWORK_HEADER = YES;
				CLANG_WARN_RANGE_LOOP_ANALYSIS = YES;
				CLANG_WARN_STRICT_PROTOTYPES = YES;
				CLANG_WARN_SUSPICIOUS_MOVE = YES;
				CLANG_WARN_UNGUARDED_AVAILABILITY = YES_AGGRESSIVE;
				CLANG_WARN_UNREACHABLE_CODE = YES;
				CLANG_WARN__DUPLICATE_METHOD_MATCH = YES;
				COPY_PHASE_STRIP = NO;
				DEBUG_INFORMATION_FORMAT = "dwarf-with-dsym";
				ENABLE_NS_ASSERTIONS = NO;
				ENABLE_STRICT_OBJC_MSGSEND = YES;
				GCC_C_LANGUAGE_STANDARD = gnu11;
				GCC_NO_COMMON_BLOCKS = YES;
				GCC_WARN_64_TO_32_BIT_CONVERSION = YES;
				GCC_WARN_ABOUT_RETURN_TYPE = YES_ERROR;
				GCC_WARN_UNDECLARED_SELECTOR = YES;
				GCC_WARN_UNINITIALIZED_AUTOS = YES_AGGRESSIVE;
				GCC_WARN_UNUSED_FUNCTION = YES;
				GCC_WARN_UNUSED_VARIABLE = YES;
				IPHONEOS_DEPLOYMENT_TARGET = 16.4;
				MTL_ENABLE_DEBUG_INFO = NO;
				MTL_FAST_MATH = YES;
				SDKROOT = iphoneos;
				SWIFT_COMPILATION_MODE = wholemodule;
				SWIFT_OPTIMIZATION_LEVEL = "-O";
				VALIDATE_PRODUCT = YES;
			};
			name = Release;
		};
		87B2B4C12A275A3F00270570 /* Debug */ = {
			isa = XCBuildConfiguration;
			buildSettings = {
				ASSETCATALOG_COMPILER_APPICON_NAME = AppIcon;
				ASSETCATALOG_COMPILER_GLOBAL_ACCENT_COLOR_NAME = AccentColor;
				CODE_SIGN_STYLE = Automatic;
				CURRENT_PROJECT_VERSION = 1;
				DEVELOPMENT_ASSET_PATHS = "\"BankApp/Preview Content\"";
				DEVELOPMENT_TEAM = 7F9PNG6Y95;
				ENABLE_PREVIEWS = YES;
				GENERATE_INFOPLIST_FILE = YES;
				INFOPLIST_KEY_UIApplicationSceneManifest_Generation = YES;
				INFOPLIST_KEY_UIApplicationSupportsIndirectInputEvents = YES;
				INFOPLIST_KEY_UILaunchScreen_Generation = YES;
				INFOPLIST_KEY_UISupportedInterfaceOrientations = UIInterfaceOrientationPortrait;
				INFOPLIST_KEY_UISupportedInterfaceOrientations_iPad = "UIInterfaceOrientationLandscapeLeft UIInterfaceOrientationLandscapeRight UIInterfaceOrientationPortrait UIInterfaceOrientationPortraitUpsideDown";
				LD_RUNPATH_SEARCH_PATHS = (
					"$(inherited)",
					"@executable_path/Frameworks",
				);
				MARKETING_VERSION = 1.0;
				PRODUCT_BUNDLE_IDENTIFIER = AlekseyBu.BankApp;
				PRODUCT_NAME = "$(TARGET_NAME)";
				SUPPORTED_PLATFORMS = "iphoneos iphonesimulator";
				SUPPORTS_MACCATALYST = NO;
				SUPPORTS_MAC_DESIGNED_FOR_IPHONE_IPAD = NO;
				SWIFT_EMIT_LOC_STRINGS = YES;
				SWIFT_VERSION = 5.0;
				TARGETED_DEVICE_FAMILY = 1;
			};
			name = Debug;
		};
		87B2B4C22A275A3F00270570 /* Release */ = {
			isa = XCBuildConfiguration;
			buildSettings = {
				ASSETCATALOG_COMPILER_APPICON_NAME = AppIcon;
				ASSETCATALOG_COMPILER_GLOBAL_ACCENT_COLOR_NAME = AccentColor;
				CODE_SIGN_STYLE = Automatic;
				CURRENT_PROJECT_VERSION = 1;
				DEVELOPMENT_ASSET_PATHS = "\"BankApp/Preview Content\"";
				DEVELOPMENT_TEAM = 7F9PNG6Y95;
				ENABLE_PREVIEWS = YES;
				GENERATE_INFOPLIST_FILE = YES;
				INFOPLIST_KEY_UIApplicationSceneManifest_Generation = YES;
				INFOPLIST_KEY_UIApplicationSupportsIndirectInputEvents = YES;
				INFOPLIST_KEY_UILaunchScreen_Generation = YES;
				INFOPLIST_KEY_UISupportedInterfaceOrientations = UIInterfaceOrientationPortrait;
				INFOPLIST_KEY_UISupportedInterfaceOrientations_iPad = "UIInterfaceOrientationLandscapeLeft UIInterfaceOrientationLandscapeRight UIInterfaceOrientationPortrait UIInterfaceOrientationPortraitUpsideDown";
				LD_RUNPATH_SEARCH_PATHS = (
					"$(inherited)",
					"@executable_path/Frameworks",
				);
				MARKETING_VERSION = 1.0;
				PRODUCT_BUNDLE_IDENTIFIER = AlekseyBu.BankApp;
				PRODUCT_NAME = "$(TARGET_NAME)";
				SUPPORTED_PLATFORMS = "iphoneos iphonesimulator";
				SUPPORTS_MACCATALYST = NO;
				SUPPORTS_MAC_DESIGNED_FOR_IPHONE_IPAD = NO;
				SWIFT_EMIT_LOC_STRINGS = YES;
				SWIFT_VERSION = 5.0;
				TARGETED_DEVICE_FAMILY = 1;
			};
			name = Release;
		};
/* End XCBuildConfiguration section */

/* Begin XCConfigurationList section */
		87B2B4AD2A275A3D00270570 /* Build configuration list for PBXProject "BankApp" */ = {
			isa = XCConfigurationList;
			buildConfigurations = (
				87B2B4BE2A275A3F00270570 /* Debug */,
				87B2B4BF2A275A3F00270570 /* Release */,
			);
			defaultConfigurationIsVisible = 0;
			defaultConfigurationName = Release;
		};
		87B2B4C02A275A3F00270570 /* Build configuration list for PBXNativeTarget "BankApp" */ = {
			isa = XCConfigurationList;
			buildConfigurations = (
				87B2B4C12A275A3F00270570 /* Debug */,
				87B2B4C22A275A3F00270570 /* Release */,
			);
			defaultConfigurationIsVisible = 0;
			defaultConfigurationName = Release;
		};
/* End XCConfigurationList section */
	};
	rootObject = 87B2B4AA2A275A3D00270570 /* Project object */;
}
